
Microsoft Visual Studio Solution File, Format Version 12.00
# Visual Studio 15
VisualStudioVersion = 15.0.28307.645
MinimumVisualStudioVersion = 10.0.40219.1
Project("{2150E333-8FDC-42A3-9474-1A3956D46DE8}") = "Microservices", "Microservices", "{CFF2B589-AD6F-474F-A23D-D7B8D53F9985}"
EndProject
Project("{2150E333-8FDC-42A3-9474-1A3956D46DE8}") = "Domain", "Domain", "{2D0737B8-1985-417E-A965-3F6C667EAC0C}"
EndProject
Project("{2150E333-8FDC-42A3-9474-1A3956D46DE8}") = "Infra.Bus", "Infra.Bus", "{39AAEDF1-9853-4761-B8CC-ED08957256A7}"
EndProject
Project("{2150E333-8FDC-42A3-9474-1A3956D46DE8}") = "Infra.Ioc", "Infra.Ioc", "{D535F415-BDF0-4700-9467-212AE449C474}"
EndProject
Project("{2150E333-8FDC-42A3-9474-1A3956D46DE8}") = "Presentation", "Presentation", "{13246D36-396F-4DF2-AE83-0FCE454AE06D}"
EndProject
Project("{9A19103F-16F7-4668-BE54-9A1E7A4F7556}") = "MicroRabbit.Domain.Core", "MicroRabbit.Domain.Core\MicroRabbit.Domain.Core.csproj", "{163F712E-1C7B-4B87-81A7-9A557827F6B9}"
EndProject
Project("{9A19103F-16F7-4668-BE54-9A1E7A4F7556}") = "MicroRabbit.Infra.Bus", "MicroRabbit.Infra.Bus\MicroRabbit.Infra.Bus.csproj", "{6003047C-4215-4A9F-89DC-63866ED02D5F}"
EndProject
Project("{2150E333-8FDC-42A3-9474-1A3956D46DE8}") = "Banking", "Banking", "{10DFCB0A-6ED7-47A9-9DD4-4AB92A273DA4}"
EndProject
Project("{2150E333-8FDC-42A3-9474-1A3956D46DE8}") = "Api", "Api", "{97DB7C65-03C4-43BB-81B7-AD041B45A79A}"
EndProject
Project("{2150E333-8FDC-42A3-9474-1A3956D46DE8}") = "Application", "Application", "{EDF04DF9-A784-4F92-9351-A762EF30A58F}"
EndProject
Project("{2150E333-8FDC-42A3-9474-1A3956D46DE8}") = "Data", "Data", "{C36D6A10-841C-462B-8F0D-0F7F3ABBC950}"
EndProject
Project("{2150E333-8FDC-42A3-9474-1A3956D46DE8}") = "Domain", "Domain", "{775F82BB-3913-4FD6-9831-5074E5DCE885}"
EndProject
Project("{FAE04EC0-301F-11D3-BF4B-00C04F79EFBC}") = "MicroRabbit.Banking.Api", "MicroRabbit.Banking.Api\MicroRabbit.Banking.Api.csproj", "{0BDBAB21-D499-428E-A82B-6415086887B0}"
EndProject
Project("{FAE04EC0-301F-11D3-BF4B-00C04F79EFBC}") = "MicroRabbit.Banking.Application", "MicroRabbit.Banking.Application\MicroRabbit.Banking.Application.csproj", "{5554DD90-BCEB-4747-9E6B-1E88DC251E27}"
EndProject
Project("{FAE04EC0-301F-11D3-BF4B-00C04F79EFBC}") = "MicroRabbit.Banking.Data", "MicroRabbit.Banking.Data\MicroRabbit.Banking.Data.csproj", "{66C7E40B-F024-44C3-9F9D-349CEBC0663B}"
EndProject
Project("{FAE04EC0-301F-11D3-BF4B-00C04F79EFBC}") = "MicroRabbit.Banking.Domain", "MicroRabbit.Banking.Domain\MicroRabbit.Banking.Domain.csproj", "{377E6A0A-31FD-4C97-A987-3C05BA1463D6}"
EndProject
Project("{FAE04EC0-301F-11D3-BF4B-00C04F79EFBC}") = "MicroRabbit.Infra.Ioc", "MicroRabbit.Infra.Ioc\MicroRabbit.Infra.Ioc.csproj", "{093EBF0E-CD33-4C71-9BBD-9E6E1D410F82}"
EndProject
Global
	GlobalSection(SolutionConfigurationPlatforms) = preSolution
		Debug|Any CPU = Debug|Any CPU
		Release|Any CPU = Release|Any CPU
	EndGlobalSection
	GlobalSection(ProjectConfigurationPlatforms) = postSolution
		{163F712E-1C7B-4B87-81A7-9A557827F6B9}.Debug|Any CPU.ActiveCfg = Debug|Any CPU
		{163F712E-1C7B-4B87-81A7-9A557827F6B9}.Debug|Any CPU.Build.0 = Debug|Any CPU
		{163F712E-1C7B-4B87-81A7-9A557827F6B9}.Release|Any CPU.ActiveCfg = Release|Any CPU
		{163F712E-1C7B-4B87-81A7-9A557827F6B9}.Release|Any CPU.Build.0 = Release|Any CPU
		{6003047C-4215-4A9F-89DC-63866ED02D5F}.Debug|Any CPU.ActiveCfg = Debug|Any CPU
		{6003047C-4215-4A9F-89DC-63866ED02D5F}.Debug|Any CPU.Build.0 = Debug|Any CPU
		{6003047C-4215-4A9F-89DC-63866ED02D5F}.Release|Any CPU.ActiveCfg = Release|Any CPU
		{6003047C-4215-4A9F-89DC-63866ED02D5F}.Release|Any CPU.Build.0 = Release|Any CPU
		{0BDBAB21-D499-428E-A82B-6415086887B0}.Debug|Any CPU.ActiveCfg = Debug|Any CPU
		{0BDBAB21-D499-428E-A82B-6415086887B0}.Debug|Any CPU.Build.0 = Debug|Any CPU
		{0BDBAB21-D499-428E-A82B-6415086887B0}.Release|Any CPU.ActiveCfg = Release|Any CPU
		{0BDBAB21-D499-428E-A82B-6415086887B0}.Release|Any CPU.Build.0 = Release|Any CPU
		{5554DD90-BCEB-4747-9E6B-1E88DC251E27}.Debug|Any CPU.ActiveCfg = Debug|Any CPU
		{5554DD90-BCEB-4747-9E6B-1E88DC251E27}.Debug|Any CPU.Build.0 = Debug|Any CPU
		{5554DD90-BCEB-4747-9E6B-1E88DC251E27}.Release|Any CPU.ActiveCfg = Release|Any CPU
		{5554DD90-BCEB-4747-9E6B-1E88DC251E27}.Release|Any CPU.Build.0 = Release|Any CPU
		{66C7E40B-F024-44C3-9F9D-349CEBC0663B}.Debug|Any CPU.ActiveCfg = Debug|Any CPU
		{66C7E40B-F024-44C3-9F9D-349CEBC0663B}.Debug|Any CPU.Build.0 = Debug|Any CPU
		{66C7E40B-F024-44C3-9F9D-349CEBC0663B}.Release|Any CPU.ActiveCfg = Release|Any CPU
		{66C7E40B-F024-44C3-9F9D-349CEBC0663B}.Release|Any CPU.Build.0 = Release|Any CPU
		{377E6A0A-31FD-4C97-A987-3C05BA1463D6}.Debug|Any CPU.ActiveCfg = Debug|Any CPU
		{377E6A0A-31FD-4C97-A987-3C05BA1463D6}.Debug|Any CPU.Build.0 = Debug|Any CPU
		{377E6A0A-31FD-4C97-A987-3C05BA1463D6}.Release|Any CPU.ActiveCfg = Release|Any CPU
		{377E6A0A-31FD-4C97-A987-3C05BA1463D6}.Release|Any CPU.Build.0 = Release|Any CPU
		{093EBF0E-CD33-4C71-9BBD-9E6E1D410F82}.Debug|Any CPU.ActiveCfg = Debug|Any CPU
		{093EBF0E-CD33-4C71-9BBD-9E6E1D410F82}.Debug|Any CPU.Build.0 = Debug|Any CPU
		{093EBF0E-CD33-4C71-9BBD-9E6E1D410F82}.Release|Any CPU.ActiveCfg = Release|Any CPU
		{093EBF0E-CD33-4C71-9BBD-9E6E1D410F82}.Release|Any CPU.Build.0 = Release|Any CPU
	EndGlobalSection
	GlobalSection(SolutionProperties) = preSolution
		HideSolutionNode = FALSE
	EndGlobalSection
	GlobalSection(NestedProjects) = preSolution
		{163F712E-1C7B-4B87-81A7-9A557827F6B9} = {2D0737B8-1985-417E-A965-3F6C667EAC0C}
		{6003047C-4215-4A9F-89DC-63866ED02D5F} = {39AAEDF1-9853-4761-B8CC-ED08957256A7}
		{10DFCB0A-6ED7-47A9-9DD4-4AB92A273DA4} = {CFF2B589-AD6F-474F-A23D-D7B8D53F9985}
		{97DB7C65-03C4-43BB-81B7-AD041B45A79A} = {10DFCB0A-6ED7-47A9-9DD4-4AB92A273DA4}
		{EDF04DF9-A784-4F92-9351-A762EF30A58F} = {10DFCB0A-6ED7-47A9-9DD4-4AB92A273DA4}
		{C36D6A10-841C-462B-8F0D-0F7F3ABBC950} = {10DFCB0A-6ED7-47A9-9DD4-4AB92A273DA4}
		{775F82BB-3913-4FD6-9831-5074E5DCE885} = {10DFCB0A-6ED7-47A9-9DD4-4AB92A273DA4}
		{0BDBAB21-D499-428E-A82B-6415086887B0} = {97DB7C65-03C4-43BB-81B7-AD041B45A79A}
		{5554DD90-BCEB-4747-9E6B-1E88DC251E27} = {EDF04DF9-A784-4F92-9351-A762EF30A58F}
		{66C7E40B-F024-44C3-9F9D-349CEBC0663B} = {C36D6A10-841C-462B-8F0D-0F7F3ABBC950}
		{377E6A0A-31FD-4C97-A987-3C05BA1463D6} = {775F82BB-3913-4FD6-9831-5074E5DCE885}
		{093EBF0E-CD33-4C71-9BBD-9E6E1D410F82} = {D535F415-BDF0-4700-9467-212AE449C474}
	EndGlobalSection
	GlobalSection(ExtensibilityGlobals) = postSolution
		SolutionGuid = {9BD2EDCA-9BA5-4BF6-9C8B-81096B4A3172}
	EndGlobalSection
EndGlobal
